
Microsoft Visual Studio Solution File, Format Version 12.00
# Visual Studio 15
VisualStudioVersion = 15.0.28307.1082
MinimumVisualStudioVersion = 10.0.40219.1
Project("{FAE04EC0-301F-11D3-BF4B-00C04F79EFBC}") = "WebService.WebApi", "WebService.WebApi\WebService.WebApi.csproj", "{78C640F8-6D93-43FB-97B4-C5E47C4F7786}"
EndProject
Project("{FAE04EC0-301F-11D3-BF4B-00C04F79EFBC}") = "WebService.Data", "WebService.Data\WebService.Data.csproj", "{70B4CA40-3699-4893-9AF9-8A9595E085C0}"
EndProject
Project("{FAE04EC0-301F-11D3-BF4B-00C04F79EFBC}") = "WebService.ASMX", "WebService.ASMX\WebService.ASMX.csproj", "{2130FD95-4267-4D4F-923F-7975127ABCF5}"
EndProject
Global
	GlobalSection(SolutionConfigurationPlatforms) = preSolution
		Debug|Any CPU = Debug|Any CPU
		Release|Any CPU = Release|Any CPU
	EndGlobalSection
	GlobalSection(ProjectConfigurationPlatforms) = postSolution
		{78C640F8-6D93-43FB-97B4-C5E47C4F7786}.Debug|Any CPU.ActiveCfg = Debug|Any CPU
		{78C640F8-6D93-43FB-97B4-C5E47C4F7786}.Debug|Any CPU.Build.0 = Debug|Any CPU
		{78C640F8-6D93-43FB-97B4-C5E47C4F7786}.Release|Any CPU.ActiveCfg = Release|Any CPU
		{78C640F8-6D93-43FB-97B4-C5E47C4F7786}.Release|Any CPU.Build.0 = Release|Any CPU
		{70B4CA40-3699-4893-9AF9-8A9595E085C0}.Debug|Any CPU.ActiveCfg = Debug|Any CPU
		{70B4CA40-3699-4893-9AF9-8A9595E085C0}.Debug|Any CPU.Build.0 = Debug|Any CPU
		{70B4CA40-3699-4893-9AF9-8A9595E085C0}.Release|Any CPU.ActiveCfg = Release|Any CPU
		{70B4CA40-3699-4893-9AF9-8A9595E085C0}.Release|Any CPU.Build.0 = Release|Any CPU
		{2130FD95-4267-4D4F-923F-7975127ABCF5}.Debug|Any CPU.ActiveCfg = Debug|Any CPU
		{2130FD95-4267-4D4F-923F-7975127ABCF5}.Debug|Any CPU.Build.0 = Debug|Any CPU
		{2130FD95-4267-4D4F-923F-7975127ABCF5}.Release|Any CPU.ActiveCfg = Release|Any CPU
		{2130FD95-4267-4D4F-923F-7975127ABCF5}.Release|Any CPU.Build.0 = Release|Any CPU
	EndGlobalSection
	GlobalSection(SolutionProperties) = preSolution
		HideSolutionNode = FALSE
	EndGlobalSection
	GlobalSection(ExtensibilityGlobals) = postSolution
		SolutionGuid = {19E3CD6A-C17F-4513-9076-40F6A4CE995B}
	EndGlobalSection
EndGlobal
